
Microsoft Visual Studio Solution File, Format Version 12.00
# Visual Studio Version 17
VisualStudioVersion = 17.6.33723.286
MinimumVisualStudioVersion = 10.0.40219.1
Project("{FAE04EC0-301F-11D3-BF4B-00C04F79EFBC}") = "NPPHASE.Data", "NPPHASE.Data\NPPHASE.Data.csproj", "{B9F7B9D3-23C9-4540-AFFD-F65D0A249101}"
EndProject
Project("{FAE04EC0-301F-11D3-BF4B-00C04F79EFBC}") = "NPPHASE.Services", "NPPHASE.Services\NPPHASE.Services.csproj", "{95135EAA-D528-4709-8B0C-42345CD0CBCC}"
EndProject
Project("{FAE04EC0-301F-11D3-BF4B-00C04F79EFBC}") = "NPPHASE.Api", "NPPHASE.Api\NPPHASE.Api.csproj", "{F35C5410-6301-43DF-BFBF-D1DD3E016459}"
EndProject
Global
	GlobalSection(SolutionConfigurationPlatforms) = preSolution
		Debug|Any CPU = Debug|Any CPU
		Release|Any CPU = Release|Any CPU
	EndGlobalSection
	GlobalSection(ProjectConfigurationPlatforms) = postSolution
		{B9F7B9D3-23C9-4540-AFFD-F65D0A249101}.Debug|Any CPU.ActiveCfg = Debug|Any CPU
		{B9F7B9D3-23C9-4540-AFFD-F65D0A249101}.Debug|Any CPU.Build.0 = Debug|Any CPU
		{B9F7B9D3-23C9-4540-AFFD-F65D0A249101}.Release|Any CPU.ActiveCfg = Release|Any CPU
		{B9F7B9D3-23C9-4540-AFFD-F65D0A249101}.Release|Any CPU.Build.0 = Release|Any CPU
		{95135EAA-D528-4709-8B0C-42345CD0CBCC}.Debug|Any CPU.ActiveCfg = Debug|Any CPU
		{95135EAA-D528-4709-8B0C-42345CD0CBCC}.Debug|Any CPU.Build.0 = Debug|Any CPU
		{95135EAA-D528-4709-8B0C-42345CD0CBCC}.Release|Any CPU.ActiveCfg = Release|Any CPU
		{95135EAA-D528-4709-8B0C-42345CD0CBCC}.Release|Any CPU.Build.0 = Release|Any CPU
		{F35C5410-6301-43DF-BFBF-D1DD3E016459}.Debug|Any CPU.ActiveCfg = Debug|Any CPU
		{F35C5410-6301-43DF-BFBF-D1DD3E016459}.Debug|Any CPU.Build.0 = Debug|Any CPU
		{F35C5410-6301-43DF-BFBF-D1DD3E016459}.Release|Any CPU.ActiveCfg = Release|Any CPU
		{F35C5410-6301-43DF-BFBF-D1DD3E016459}.Release|Any CPU.Build.0 = Release|Any CPU
	EndGlobalSection
	GlobalSection(SolutionProperties) = preSolution
		HideSolutionNode = FALSE
	EndGlobalSection
	GlobalSection(ExtensibilityGlobals) = postSolution
		SolutionGuid = {1D48A8AB-B4FC-4DF1-9A07-AAED6601227E}
	EndGlobalSection
EndGlobal
